<?xml version="1.0" encoding="UTF-8" standalone="yes" ?>
<CodeBlocks_project_file>
	<FileVersion major="1" minor="6" />
	<Project>
		<Option title="Spellbyte" />
		<Option pch_mode="2" />
		<Option compiler="gcc" />
		<Build>
			<Target title="Debug">
				<Option output="../temp/Debug/bin/Spellbyte" prefix_auto="1" extension_auto="1" />
				<Option working_dir="../../Spellbyte" />
				<Option object_output="../temp/Debug/obj" />
				<Option type="1" />
				<Option compiler="gcc" />
				<Compiler>
					<Add option="-std=c++11" />
					<Add option="-g" />
					<Add option="-D_DEBUG" />
				</Compiler>
				<Linker>
					<Add library="libOgreTerrain_d" />
					<Add library="libCEGUIOgreRenderer-0_d" />
					<Add library="libCEGUIBase-0_d" />
					<Add library="OgreTerrain_d" />
					<Add library="OgreMain_d" />
					<Add library="OIS_d" />
					<Add library="libboost_date_time-mgw47-mt-d-1_51" />
					<Add library="libboost_thread-mgw47-mt-d-1_51" />
					<Add library="libboost_system-mgw47-mt-d-1_51" />
					<Add library="libboost_chrono-mgw47-mt-d-1_51" />
					<Add library="openal" />
					<Add directory="../lib/ogre/debug" />
					<Add directory="../lib/cegui/debug" />
					<Add directory="../boost/lib" />
				</Linker>
			</Target>
			<Target title="Release">
				<Option output="../game/Spellbyte" prefix_auto="1" extension_auto="1" />
				<Option working_dir="../../Spellbyte" />
				<Option object_output="../temp/Release" />
				<Option type="1" />
				<Option compiler="gcc" />
				<Compiler>
					<Add option="-O2" />
					<Add option="-std=c++11" />
				</Compiler>
				<Linker>
					<Add option="-s" />
					<Add library="libOgreTerrain" />
					<Add library="libCEGUIOgreRenderer-0" />
					<Add library="libCEGUIBase-0" />
					<Add library="OgreTerrain" />
					<Add library="OgreMain" />
					<Add library="OIS" />
					<Add library="libboost_date_time-mgw47-mt-d-1_51" />
					<Add library="libboost_thread-mgw47-mt-d-1_51" />
					<Add library="libboost_system-mgw47-mt-d-1_51" />
					<Add library="libboost_chrono-mgw47-mt-d-1_51" />
					<Add directory="../lib/ogre/release" />
					<Add directory="../lib/cegui/release" />
					<Add directory="../boost/lib" />
				</Linker>
			</Target>
		</Build>
		<Compiler>
			<Add option="-Wall" />
			<Add option="-fpermissive" />
			<Add option="-DAUDIO" />
			<Add directory="../include" />
			<Add directory="../include/OGRE" />
			<Add directory="../../Spellbyte/boost" />
			<Add directory="../include/OIS" />
			<Add directory="../include/OGRE/Paging" />
			<Add directory="Spellbyte/SLB" />
			<Add directory="../include/lua" />
		</Compiler>
		<Unit filename="Spellbyte/Actor.cpp" />
		<Unit filename="Spellbyte/Actor.h" />
		<Unit filename="Spellbyte/ActorFactory.cpp" />
		<Unit filename="Spellbyte/ActorFactory.h" />
		<Unit filename="Spellbyte/ActorManager.cpp" />
		<Unit filename="Spellbyte/ActorManager.h" />
		<Unit filename="Spellbyte/Application.cpp" />
		<Unit filename="Spellbyte/Application.h" />
		<Unit filename="Spellbyte/BaseState.h" />
		<Unit filename="Spellbyte/CollisionTools.cpp" />
		<Unit filename="Spellbyte/CollisionTools.h" />
		<Unit filename="Spellbyte/ControlManager.cpp" />
		<Unit filename="Spellbyte/ControlManager.h" />
		<Unit filename="Spellbyte/DotSceneLoader.cpp" />
		<Unit filename="Spellbyte/DotSceneLoader.h" />
		<Unit filename="Spellbyte/Object.cpp" />
		<Unit filename="Spellbyte/Object.h" />
		<Unit filename="Spellbyte/ObjectFactory.cpp" />
		<Unit filename="Spellbyte/ObjectFactory.h" />
		<Unit filename="Spellbyte/ObjectGroup.cpp" />
		<Unit filename="Spellbyte/ObjectGroup.h" />
		<Unit filename="Spellbyte/OgreTerrainFix.h" />
		<Unit filename="Spellbyte/Player.cpp" />
		<Unit filename="Spellbyte/Player.h" />
		<Unit filename="Spellbyte/SLB/SLB.cpp" />
		<Unit filename="Spellbyte/SLB/SLB.hpp" />
		<Unit filename="Spellbyte/SLB/cppfunc.cpp" />
		<Unit filename="Spellbyte/SLB/cppfunc.h" />
		<Unit filename="Spellbyte/SLB/lua.c">
			<Option compilerVar="CC" />
		</Unit>
		<Unit filename="Spellbyte/SLB/lua/lauxlib.h" />
		<Unit filename="Spellbyte/SLB/lua/lua.h" />
		<Unit filename="Spellbyte/SLB/lua/luaconf.h" />
		<Unit filename="Spellbyte/SLB/lua/lualib.h" />
		<Unit filename="Spellbyte/SpellByte.h" />
		<Unit filename="Spellbyte/StateListener.h" />
		<Unit filename="Spellbyte/StateManager.cpp" />
		<Unit filename="Spellbyte/StateManager.h" />
		<Unit filename="Spellbyte/Subscriber.h" />
		<Unit filename="Spellbyte/World.cpp" />
		<Unit filename="Spellbyte/World.h" />
		<Unit filename="Spellbyte/audio/AudioManager.cpp" />
		<Unit filename="Spellbyte/audio/AudioManager.h" />
		<Unit filename="Spellbyte/coldet/bitmatrix.h" />
		<Unit filename="Spellbyte/coldet/box.cpp" />
		<Unit filename="Spellbyte/coldet/box.h" />
		<Unit filename="Spellbyte/coldet/box_bld.cpp" />
		<Unit filename="Spellbyte/coldet/cdmath3d.cpp" />
		<Unit filename="Spellbyte/coldet/cdmath3d.h" />
		<Unit filename="Spellbyte/coldet/coldet.cpp" />
		<Unit filename="Spellbyte/coldet/coldet.h" />
		<Unit filename="Spellbyte/coldet/coldet_bld.cpp" />
		<Unit filename="Spellbyte/coldet/coldetimpl.h" />
		<Unit filename="Spellbyte/coldet/multi_impl.h" />
		<Unit filename="Spellbyte/coldet/multiobject.cpp" />
		<Unit filename="Spellbyte/coldet/multiobject.h" />
		<Unit filename="Spellbyte/coldet/mytritri.cpp" />
		<Unit filename="Spellbyte/coldet/mytritri.h" />
		<Unit filename="Spellbyte/coldet/sweep_prune.h" />
		<Unit filename="Spellbyte/coldet/sysdep.cpp" />
		<Unit filename="Spellbyte/coldet/sysdep.h" />
		<Unit filename="Spellbyte/coldet/tritri.c">
			<Option compilerVar="CC" />
		</Unit>
		<Unit filename="Spellbyte/console/LuaManager.cpp" />
		<Unit filename="Spellbyte/console/LuaManager.h" />
		<Unit filename="Spellbyte/console/console.cpp" />
		<Unit filename="Spellbyte/console/console.h" />
		<Unit filename="Spellbyte/console/console_communicator.cpp" />
		<Unit filename="Spellbyte/console/console_communicator.h" />
		<Unit filename="Spellbyte/define.h" />
		<Unit filename="Spellbyte/error_defines.h" />
		<Unit filename="Spellbyte/main.cpp" />
		<Unit filename="Spellbyte/resources/ManualLoaders.h" />
		<Unit filename="Spellbyte/resources/SpellByteResourceFile.cpp" />
		<Unit filename="Spellbyte/resources/SpellByteResourceFile.h" />
		<Unit filename="Spellbyte/resources/SpellByteResourceFileManager.cpp" />
		<Unit filename="Spellbyte/resources/SpellByteResourceFileManager.h" />
		<Unit filename="Spellbyte/resources/WAVFileManager.cpp" />
		<Unit filename="Spellbyte/resources/WAVFileManager.h" />
		<Unit filename="Spellbyte/resources/WAVResourceFile.cpp" />
		<Unit filename="Spellbyte/resources/WAVResourceFile.h" />
		<Unit filename="Spellbyte/resources/XMLResource.cpp" />
		<Unit filename="Spellbyte/resources/XMLResource.h" />
		<Unit filename="Spellbyte/resources/XMLResourceManager.cpp" />
		<Unit filename="Spellbyte/resources/XMLResourceManager.h" />
		<Unit filename="Spellbyte/resources/file_defines.h" />
		<Unit filename="Spellbyte/states/BaseMenuState.h" />
		<Unit filename="Spellbyte/states/GameState.cpp" />
		<Unit filename="Spellbyte/states/GameState.h" />
		<Unit filename="Spellbyte/states/LoadState.cpp" />
		<Unit filename="Spellbyte/states/LoadState.h" />
		<Unit filename="Spellbyte/states/MenuState.cpp" />
		<Unit filename="Spellbyte/states/MenuState.h" />
		<Unit filename="Spellbyte/states/OptionsState.cpp" />
		<Unit filename="Spellbyte/states/OptionsState.h" />
		<Unit filename="Spellbyte/states/PauseState.cpp" />
		<Unit filename="Spellbyte/states/PauseState.h" />
		<Unit filename="Spellbyte/states/PlayMenuState.cpp" />
		<Unit filename="Spellbyte/states/PlayMenuState.h" />
		<Unit filename="Spellbyte/states/SplashState.cpp" />
		<Unit filename="Spellbyte/states/SplashState.h" />
		<Unit filename="Spellbyte/stdafx.h" />
		<Unit filename="Spellbyte/utilities/MessageDispatcher.cpp" />
		<Unit filename="Spellbyte/utilities/MessageDispatcher.h" />
		<Unit filename="Spellbyte/utilities/easyzlib.c">
			<Option compilerVar="CC" />
		</Unit>
		<Unit filename="Spellbyte/utilities/easyzlib.h" />
		<Unit filename="Spellbyte/utilities/telegram.h" />
		<Unit filename="Spellbyte/utilities/tinyxml2.cpp" />
		<Unit filename="Spellbyte/utilities/tinyxml2.h" />
		<Unit filename="Spellbyte/utilities/utils.h" />
		<Unit filename="Spellbyte/world/MaterialControls.h" />
		<Unit filename="Spellbyte/world/Ocean.cpp" />
		<Unit filename="Spellbyte/world/Ocean.h" />
		<Unit filename="Spellbyte/world/Water.cpp" />
		<Unit filename="Spellbyte/world/Water.h" />
		<Unit filename="Spellbyte/world/WaterMesh.cpp" />
		<Unit filename="Spellbyte/world/WaterMesh.h" />
		<Extensions>
			<code_completion />
			<envvars />
			<debugger />
			<lib_finder disable_auto="1" />
		</Extensions>
	</Project>
</CodeBlocks_project_file>
